
Microsoft Visual Studio Solution File, Format Version 12.00
# Visual Studio Version 16
VisualStudioVersion = 16.0.31702.278
MinimumVisualStudioVersion = 10.0.40219.1
Project("{FAE04EC0-301F-11D3-BF4B-00C04F79EFBC}") = "WindowsPubs", "WindowsPubs\WindowsPubs.csproj", "{512756DA-BD34-46FA-8C7D-E815E974F9C7}"
EndProject
Project("{FAE04EC0-301F-11D3-BF4B-00C04F79EFBC}") = "Datos", "Datos\Datos.csproj", "{BAD83856-5D8C-44B7-AF0F-84E089717422}"
EndProject
Global
	GlobalSection(SolutionConfigurationPlatforms) = preSolution
		Debug|Any CPU = Debug|Any CPU
		Release|Any CPU = Release|Any CPU
	EndGlobalSection
	GlobalSection(ProjectConfigurationPlatforms) = postSolution
		{512756DA-BD34-46FA-8C7D-E815E974F9C7}.Debug|Any CPU.ActiveCfg = Debug|Any CPU
		{512756DA-BD34-46FA-8C7D-E815E974F9C7}.Debug|Any CPU.Build.0 = Debug|Any CPU
		{512756DA-BD34-46FA-8C7D-E815E974F9C7}.Release|Any CPU.ActiveCfg = Release|Any CPU
		{512756DA-BD34-46FA-8C7D-E815E974F9C7}.Release|Any CPU.Build.0 = Release|Any CPU
		{BAD83856-5D8C-44B7-AF0F-84E089717422}.Debug|Any CPU.ActiveCfg = Debug|Any CPU
		{BAD83856-5D8C-44B7-AF0F-84E089717422}.Debug|Any CPU.Build.0 = Debug|Any CPU
		{BAD83856-5D8C-44B7-AF0F-84E089717422}.Release|Any CPU.ActiveCfg = Release|Any CPU
		{BAD83856-5D8C-44B7-AF0F-84E089717422}.Release|Any CPU.Build.0 = Release|Any CPU
	EndGlobalSection
	GlobalSection(SolutionProperties) = preSolution
		HideSolutionNode = FALSE
	EndGlobalSection
	GlobalSection(ExtensibilityGlobals) = postSolution
		SolutionGuid = {FC33B269-B007-4BE4-AB74-911805B9BCF4}
	EndGlobalSection
EndGlobal
